
Microsoft Visual Studio Solution File, Format Version 12.00
# Visual Studio Version 17
VisualStudioVersion = 17.14.36414.22 d17.14
MinimumVisualStudioVersion = 10.0.40219.1
Project("{FAE04EC0-301F-11D3-BF4B-00C04F79EFBC}") = "ToDoListWithSacffolding", "ToDoListWithSacffolding.csproj", "{66045C97-D8B0-435A-ADC5-D85F3AAC3BEC}"
EndProject
Global
	GlobalSection(SolutionConfigurationPlatforms) = preSolution
		Debug|Any CPU = Debug|Any CPU
		Release|Any CPU = Release|Any CPU
	EndGlobalSection
	GlobalSection(ProjectConfigurationPlatforms) = postSolution
		{66045C97-D8B0-435A-ADC5-D85F3AAC3BEC}.Debug|Any CPU.ActiveCfg = Debug|Any CPU
		{66045C97-D8B0-435A-ADC5-D85F3AAC3BEC}.Debug|Any CPU.Build.0 = Debug|Any CPU
		{66045C97-D8B0-435A-ADC5-D85F3AAC3BEC}.Release|Any CPU.ActiveCfg = Release|Any CPU
		{66045C97-D8B0-435A-ADC5-D85F3AAC3BEC}.Release|Any CPU.Build.0 = Release|Any CPU
	EndGlobalSection
	GlobalSection(SolutionProperties) = preSolution
		HideSolutionNode = FALSE
	EndGlobalSection
	GlobalSection(ExtensibilityGlobals) = postSolution
		SolutionGuid = {DC7F000E-2C49-4391-A0FA-08C19CC2C7C0}
	EndGlobalSection
EndGlobal
